// !$*UTF8*$!
{
	archiveVersion = 1;
	classes = {
	};
	objectVersion = 52;
	objects = {

/* Begin PBXBuildFile section */
		1F04943423867B4F005B8D16 /* DataStore.swift in Sources */ = {isa = PBXBuildFile; fileRef = 1F04943323867B4E005B8D16 /* DataStore.swift */; };
		1F0D5B35236AC54E00EA9476 /* AppDelegate.swift in Sources */ = {isa = PBXBuildFile; fileRef = 1F0D5B34236AC54E00EA9476 /* AppDelegate.swift */; };
		1F0D5B37236AC54E00EA9476 /* SceneDelegate.swift in Sources */ = {isa = PBXBuildFile; fileRef = 1F0D5B36236AC54E00EA9476 /* SceneDelegate.swift */; };
		1F0D5B39236AC54E00EA9476 /* SlipwayList.swift in Sources */ = {isa = PBXBuildFile; fileRef = 1F0D5B38236AC54E00EA9476 /* SlipwayList.swift */; };
		1F0D5B3B236AC54F00EA9476 /* Assets.xcassets in Resources */ = {isa = PBXBuildFile; fileRef = 1F0D5B3A236AC54F00EA9476 /* Assets.xcassets */; };
		1F0D5B3E236AC54F00EA9476 /* Preview Assets.xcassets in Resources */ = {isa = PBXBuildFile; fileRef = 1F0D5B3D236AC54F00EA9476 /* Preview Assets.xcassets */; };
		1F0D5B41236AC54F00EA9476 /* LaunchScreen.storyboard in Resources */ = {isa = PBXBuildFile; fileRef = 1F0D5B3F236AC54F00EA9476 /* LaunchScreen.storyboard */; };
		1F0D5B4C236AC55000EA9476 /* SlipwaysTests.swift in Sources */ = {isa = PBXBuildFile; fileRef = 1F0D5B4B236AC55000EA9476 /* SlipwaysTests.swift */; };
		1F0D5B57236AC55000EA9476 /* SlipwaysUITests.swift in Sources */ = {isa = PBXBuildFile; fileRef = 1F0D5B56236AC55000EA9476 /* SlipwaysUITests.swift */; };
		1F5369A6238BC1430007EBB0 /* FakeData.swift in Sources */ = {isa = PBXBuildFile; fileRef = 1F5369A5238BC1430007EBB0 /* FakeData.swift */; };
		1F729E42238193420068954C /* Water.swift in Sources */ = {isa = PBXBuildFile; fileRef = 1F729E41238193420068954C /* Water.swift */; };
		1F729E44238193890068954C /* Links.swift in Sources */ = {isa = PBXBuildFile; fileRef = 1F729E43238193890068954C /* Links.swift */; };
		1F729E46238196950068954C /* WaterListView.swift in Sources */ = {isa = PBXBuildFile; fileRef = 1F729E45238196950068954C /* WaterListView.swift */; };
		1F82304F236ACC0A00E6513F /* DataLoader.swift in Sources */ = {isa = PBXBuildFile; fileRef = 1F82304E236ACC0A00E6513F /* DataLoader.swift */; };
		1F823051236ACC8100E6513F /* Slipway.swift in Sources */ = {isa = PBXBuildFile; fileRef = 1F823050236ACC8100E6513F /* Slipway.swift */; };
		1F823053236ACCA900E6513F /* Coordinates.swift in Sources */ = {isa = PBXBuildFile; fileRef = 1F823052236ACCA900E6513F /* Coordinates.swift */; };
		1F823055236ACF5200E6513F /* SlipwayDetails.swift in Sources */ = {isa = PBXBuildFile; fileRef = 1F823054236ACF5200E6513F /* SlipwayDetails.swift */; };
		1F823058236ACFD100E6513F /* MapView.swift in Sources */ = {isa = PBXBuildFile; fileRef = 1F823057236ACFD100E6513F /* MapView.swift */; };
		1F82305A236AD54600E6513F /* NameSign.swift in Sources */ = {isa = PBXBuildFile; fileRef = 1F823059236AD54600E6513F /* NameSign.swift */; };
		1F82305C236B52DF00E6513F /* SlipwayInfo.swift in Sources */ = {isa = PBXBuildFile; fileRef = 1F82305B236B52DF00E6513F /* SlipwayInfo.swift */; };
		1FAA52222388A6DA0065280B /* WaterDetailsView.swift in Sources */ = {isa = PBXBuildFile; fileRef = 1FAA52212388A6DA0065280B /* WaterDetailsView.swift */; };
		1FAFA9DD23830C0800CB85F7 /* HttpService.swift in Sources */ = {isa = PBXBuildFile; fileRef = 1FAFA9DC23830C0800CB85F7 /* HttpService.swift */; };
		1FAFA9DF23830C8700CB85F7 /* Station.swift in Sources */ = {isa = PBXBuildFile; fileRef = 1FAFA9DE23830C8700CB85F7 /* Station.swift */; };
		1FAFA9E123830FB600CB85F7 /* StationListView.swift in Sources */ = {isa = PBXBuildFile; fileRef = 1FAFA9E023830FB600CB85F7 /* StationListView.swift */; };
		1FAFA9E3238311AB00CB85F7 /* WelcomeView.swift in Sources */ = {isa = PBXBuildFile; fileRef = 1FAFA9E2238311AB00CB85F7 /* WelcomeView.swift */; };
		1FAFA9E5238317C300CB85F7 /* StationDetailsView.swift in Sources */ = {isa = PBXBuildFile; fileRef = 1FAFA9E4238317C300CB85F7 /* StationDetailsView.swift */; };
		1FAFA9E72383D1E600CB85F7 /* CurrentMeasurementResponse.swift in Sources */ = {isa = PBXBuildFile; fileRef = 1FAFA9E62383D1E600CB85F7 /* CurrentMeasurementResponse.swift */; };
		1FF4D05B2371677D00B7D1D1 /* slipways.json in Resources */ = {isa = PBXBuildFile; fileRef = 1F82304A236AC96C00E6513F /* slipways.json */; };
		1FF4D05D2371E14E00B7D1D1 /* SlipwayRow.swift in Sources */ = {isa = PBXBuildFile; fileRef = 1FF4D05C2371E14E00B7D1D1 /* SlipwayRow.swift */; };
		1FF4D05F2371E6C900B7D1D1 /* UserData.swift in Sources */ = {isa = PBXBuildFile; fileRef = 1FF4D05E2371E6C900B7D1D1 /* UserData.swift */; };
		1FF4D0682372B28F00B7D1D1 /* SlipwayDb.swift in Sources */ = {isa = PBXBuildFile; fileRef = 1FF4D0672372B28F00B7D1D1 /* SlipwayDb.swift */; };
		1FF4D06B2372B5DB00B7D1D1 /* Realm in Frameworks */ = {isa = PBXBuildFile; productRef = 1FF4D06A2372B5DB00B7D1D1 /* Realm */; };
		1FF4D06D2372B5DB00B7D1D1 /* RealmSwift in Frameworks */ = {isa = PBXBuildFile; productRef = 1FF4D06C2372B5DB00B7D1D1 /* RealmSwift */; };
/* End PBXBuildFile section */

/* Begin PBXContainerItemProxy section */
		1F0D5B48236AC55000EA9476 /* PBXContainerItemProxy */ = {
			isa = PBXContainerItemProxy;
			containerPortal = 1F0D5B29236AC54E00EA9476 /* Project object */;
			proxyType = 1;
			remoteGlobalIDString = 1F0D5B30236AC54E00EA9476;
			remoteInfo = Slipways;
		};
		1F0D5B53236AC55000EA9476 /* PBXContainerItemProxy */ = {
			isa = PBXContainerItemProxy;
			containerPortal = 1F0D5B29236AC54E00EA9476 /* Project object */;
			proxyType = 1;
			remoteGlobalIDString = 1F0D5B30236AC54E00EA9476;
			remoteInfo = Slipways;
		};
/* End PBXContainerItemProxy section */

/* Begin PBXFileReference section */
		1F04943323867B4E005B8D16 /* DataStore.swift */ = {isa = PBXFileReference; lastKnownFileType = sourcecode.swift; path = DataStore.swift; sourceTree = "<group>"; };
		1F0D5B31236AC54E00EA9476 /* Slipways.app */ = {isa = PBXFileReference; explicitFileType = wrapper.application; includeInIndex = 0; path = Slipways.app; sourceTree = BUILT_PRODUCTS_DIR; };
		1F0D5B34236AC54E00EA9476 /* AppDelegate.swift */ = {isa = PBXFileReference; lastKnownFileType = sourcecode.swift; path = AppDelegate.swift; sourceTree = "<group>"; };
		1F0D5B36236AC54E00EA9476 /* SceneDelegate.swift */ = {isa = PBXFileReference; lastKnownFileType = sourcecode.swift; path = SceneDelegate.swift; sourceTree = "<group>"; };
		1F0D5B38236AC54E00EA9476 /* SlipwayList.swift */ = {isa = PBXFileReference; lastKnownFileType = sourcecode.swift; path = SlipwayList.swift; sourceTree = "<group>"; };
		1F0D5B3A236AC54F00EA9476 /* Assets.xcassets */ = {isa = PBXFileReference; lastKnownFileType = folder.assetcatalog; path = Assets.xcassets; sourceTree = "<group>"; };
		1F0D5B3D236AC54F00EA9476 /* Preview Assets.xcassets */ = {isa = PBXFileReference; lastKnownFileType = folder.assetcatalog; path = "Preview Assets.xcassets"; sourceTree = "<group>"; };
		1F0D5B40236AC54F00EA9476 /* Base */ = {isa = PBXFileReference; lastKnownFileType = file.storyboard; name = Base; path = Base.lproj/LaunchScreen.storyboard; sourceTree = "<group>"; };
		1F0D5B42236AC54F00EA9476 /* Info.plist */ = {isa = PBXFileReference; lastKnownFileType = text.plist.xml; path = Info.plist; sourceTree = "<group>"; };
		1F0D5B47236AC55000EA9476 /* SlipwaysTests.xctest */ = {isa = PBXFileReference; explicitFileType = wrapper.cfbundle; includeInIndex = 0; path = SlipwaysTests.xctest; sourceTree = BUILT_PRODUCTS_DIR; };
		1F0D5B4B236AC55000EA9476 /* SlipwaysTests.swift */ = {isa = PBXFileReference; lastKnownFileType = sourcecode.swift; path = SlipwaysTests.swift; sourceTree = "<group>"; };
		1F0D5B4D236AC55000EA9476 /* Info.plist */ = {isa = PBXFileReference; lastKnownFileType = text.plist.xml; path = Info.plist; sourceTree = "<group>"; };
		1F0D5B52236AC55000EA9476 /* SlipwaysUITests.xctest */ = {isa = PBXFileReference; explicitFileType = wrapper.cfbundle; includeInIndex = 0; path = SlipwaysUITests.xctest; sourceTree = BUILT_PRODUCTS_DIR; };
		1F0D5B56236AC55000EA9476 /* SlipwaysUITests.swift */ = {isa = PBXFileReference; lastKnownFileType = sourcecode.swift; path = SlipwaysUITests.swift; sourceTree = "<group>"; };
		1F0D5B58236AC55000EA9476 /* Info.plist */ = {isa = PBXFileReference; lastKnownFileType = text.plist.xml; path = Info.plist; sourceTree = "<group>"; };
		1F5369A5238BC1430007EBB0 /* FakeData.swift */ = {isa = PBXFileReference; lastKnownFileType = sourcecode.swift; path = FakeData.swift; sourceTree = "<group>"; };
		1F729E41238193420068954C /* Water.swift */ = {isa = PBXFileReference; lastKnownFileType = sourcecode.swift; path = Water.swift; sourceTree = "<group>"; };
		1F729E43238193890068954C /* Links.swift */ = {isa = PBXFileReference; lastKnownFileType = sourcecode.swift; path = Links.swift; sourceTree = "<group>"; };
		1F729E45238196950068954C /* WaterListView.swift */ = {isa = PBXFileReference; lastKnownFileType = sourcecode.swift; path = WaterListView.swift; sourceTree = "<group>"; };
		1F82304A236AC96C00E6513F /* slipways.json */ = {isa = PBXFileReference; lastKnownFileType = text.json; path = slipways.json; sourceTree = "<group>"; };
		1F82304E236ACC0A00E6513F /* DataLoader.swift */ = {isa = PBXFileReference; lastKnownFileType = sourcecode.swift; path = DataLoader.swift; sourceTree = "<group>"; };
		1F823050236ACC8100E6513F /* Slipway.swift */ = {isa = PBXFileReference; lastKnownFileType = sourcecode.swift; path = Slipway.swift; sourceTree = "<group>"; };
		1F823052236ACCA900E6513F /* Coordinates.swift */ = {isa = PBXFileReference; lastKnownFileType = sourcecode.swift; path = Coordinates.swift; sourceTree = "<group>"; };
		1F823054236ACF5200E6513F /* SlipwayDetails.swift */ = {isa = PBXFileReference; lastKnownFileType = sourcecode.swift; path = SlipwayDetails.swift; sourceTree = "<group>"; };
		1F823057236ACFD100E6513F /* MapView.swift */ = {isa = PBXFileReference; lastKnownFileType = sourcecode.swift; path = MapView.swift; sourceTree = "<group>"; };
		1F823059236AD54600E6513F /* NameSign.swift */ = {isa = PBXFileReference; lastKnownFileType = sourcecode.swift; path = NameSign.swift; sourceTree = "<group>"; };
		1F82305B236B52DF00E6513F /* SlipwayInfo.swift */ = {isa = PBXFileReference; lastKnownFileType = sourcecode.swift; path = SlipwayInfo.swift; sourceTree = "<group>"; };
		1FAA52212388A6DA0065280B /* WaterDetailsView.swift */ = {isa = PBXFileReference; lastKnownFileType = sourcecode.swift; path = WaterDetailsView.swift; sourceTree = "<group>"; };
		1FAFA9DC23830C0800CB85F7 /* HttpService.swift */ = {isa = PBXFileReference; lastKnownFileType = sourcecode.swift; path = HttpService.swift; sourceTree = "<group>"; };
		1FAFA9DE23830C8700CB85F7 /* Station.swift */ = {isa = PBXFileReference; lastKnownFileType = sourcecode.swift; path = Station.swift; sourceTree = "<group>"; };
		1FAFA9E023830FB600CB85F7 /* StationListView.swift */ = {isa = PBXFileReference; lastKnownFileType = sourcecode.swift; path = StationListView.swift; sourceTree = "<group>"; };
		1FAFA9E2238311AB00CB85F7 /* WelcomeView.swift */ = {isa = PBXFileReference; lastKnownFileType = sourcecode.swift; path = WelcomeView.swift; sourceTree = "<group>"; };
		1FAFA9E4238317C300CB85F7 /* StationDetailsView.swift */ = {isa = PBXFileReference; lastKnownFileType = sourcecode.swift; path = StationDetailsView.swift; sourceTree = "<group>"; };
		1FAFA9E62383D1E600CB85F7 /* CurrentMeasurementResponse.swift */ = {isa = PBXFileReference; lastKnownFileType = sourcecode.swift; path = CurrentMeasurementResponse.swift; sourceTree = "<group>"; };
		1FB7B4AF237F591A0065302D /* Slipways.entitlements */ = {isa = PBXFileReference; lastKnownFileType = text.plist.entitlements; path = Slipways.entitlements; sourceTree = "<group>"; };
		1FF4D05C2371E14E00B7D1D1 /* SlipwayRow.swift */ = {isa = PBXFileReference; lastKnownFileType = sourcecode.swift; path = SlipwayRow.swift; sourceTree = "<group>"; };
		1FF4D05E2371E6C900B7D1D1 /* UserData.swift */ = {isa = PBXFileReference; lastKnownFileType = sourcecode.swift; path = UserData.swift; sourceTree = "<group>"; };
		1FF4D0672372B28F00B7D1D1 /* SlipwayDb.swift */ = {isa = PBXFileReference; lastKnownFileType = sourcecode.swift; path = SlipwayDb.swift; sourceTree = "<group>"; };
/* End PBXFileReference section */

/* Begin PBXFrameworksBuildPhase section */
		1F0D5B2E236AC54E00EA9476 /* Frameworks */ = {
			isa = PBXFrameworksBuildPhase;
			buildActionMask = 2147483647;
			files = (
				1FF4D06D2372B5DB00B7D1D1 /* RealmSwift in Frameworks */,
				1FF4D06B2372B5DB00B7D1D1 /* Realm in Frameworks */,
			);
			runOnlyForDeploymentPostprocessing = 0;
		};
		1F0D5B44236AC55000EA9476 /* Frameworks */ = {
			isa = PBXFrameworksBuildPhase;
			buildActionMask = 2147483647;
			files = (
			);
			runOnlyForDeploymentPostprocessing = 0;
		};
		1F0D5B4F236AC55000EA9476 /* Frameworks */ = {
			isa = PBXFrameworksBuildPhase;
			buildActionMask = 2147483647;
			files = (
			);
			runOnlyForDeploymentPostprocessing = 0;
		};
/* End PBXFrameworksBuildPhase section */

/* Begin PBXGroup section */
		1F0D5B28236AC54E00EA9476 = {
			isa = PBXGroup;
			children = (
				1F0D5B33236AC54E00EA9476 /* Slipways */,
				1F0D5B4A236AC55000EA9476 /* SlipwaysTests */,
				1F0D5B55236AC55000EA9476 /* SlipwaysUITests */,
				1F0D5B32236AC54E00EA9476 /* Products */,
			);
			sourceTree = "<group>";
		};
		1F0D5B32236AC54E00EA9476 /* Products */ = {
			isa = PBXGroup;
			children = (
				1F0D5B31236AC54E00EA9476 /* Slipways.app */,
				1F0D5B47236AC55000EA9476 /* SlipwaysTests.xctest */,
				1F0D5B52236AC55000EA9476 /* SlipwaysUITests.xctest */,
			);
			name = Products;
			sourceTree = "<group>";
		};
		1F0D5B33236AC54E00EA9476 /* Slipways */ = {
			isa = PBXGroup;
			children = (
				1FB7B4AF237F591A0065302D /* Slipways.entitlements */,
				1F823056236ACFB200E6513F /* Components */,
				1F823047236AC92600E6513F /* Models */,
				1FB7B4AE237F519E0065302D /* View */,
				1F823048236AC92F00E6513F /* Services */,
				1F0D5B34236AC54E00EA9476 /* AppDelegate.swift */,
				1F0D5B36236AC54E00EA9476 /* SceneDelegate.swift */,
				1F0D5B3A236AC54F00EA9476 /* Assets.xcassets */,
				1F0D5B3F236AC54F00EA9476 /* LaunchScreen.storyboard */,
				1F0D5B42236AC54F00EA9476 /* Info.plist */,
				1F823049236AC94800E6513F /* Resources */,
				1F0D5B3C236AC54F00EA9476 /* Preview Content */,
			);
			path = Slipways;
			sourceTree = "<group>";
		};
		1F0D5B3C236AC54F00EA9476 /* Preview Content */ = {
			isa = PBXGroup;
			children = (
				1F0D5B3D236AC54F00EA9476 /* Preview Assets.xcassets */,
			);
			path = "Preview Content";
			sourceTree = "<group>";
		};
		1F0D5B4A236AC55000EA9476 /* SlipwaysTests */ = {
			isa = PBXGroup;
			children = (
				1F0D5B4B236AC55000EA9476 /* SlipwaysTests.swift */,
				1F0D5B4D236AC55000EA9476 /* Info.plist */,
			);
			path = SlipwaysTests;
			sourceTree = "<group>";
		};
		1F0D5B55236AC55000EA9476 /* SlipwaysUITests */ = {
			isa = PBXGroup;
			children = (
				1F0D5B56236AC55000EA9476 /* SlipwaysUITests.swift */,
				1F0D5B58236AC55000EA9476 /* Info.plist */,
			);
			path = SlipwaysUITests;
			sourceTree = "<group>";
		};
		1F823047236AC92600E6513F /* Models */ = {
			isa = PBXGroup;
			children = (
				1F823050236ACC8100E6513F /* Slipway.swift */,
				1F823052236ACCA900E6513F /* Coordinates.swift */,
				1FF4D05E2371E6C900B7D1D1 /* UserData.swift */,
				1FF4D0672372B28F00B7D1D1 /* SlipwayDb.swift */,
				1F729E41238193420068954C /* Water.swift */,
				1F729E43238193890068954C /* Links.swift */,
				1FAFA9DE23830C8700CB85F7 /* Station.swift */,
				1FAFA9E62383D1E600CB85F7 /* CurrentMeasurementResponse.swift */,
				1F5369A5238BC1430007EBB0 /* FakeData.swift */,
			);
			path = Models;
			sourceTree = "<group>";
		};
		1F823048236AC92F00E6513F /* Services */ = {
			isa = PBXGroup;
			children = (
				1F82304E236ACC0A00E6513F /* DataLoader.swift */,
				1FAFA9DC23830C0800CB85F7 /* HttpService.swift */,
				1F04943323867B4E005B8D16 /* DataStore.swift */,
			);
			path = Services;
			sourceTree = "<group>";
		};
		1F823049236AC94800E6513F /* Resources */ = {
			isa = PBXGroup;
			children = (
				1F82304A236AC96C00E6513F /* slipways.json */,
			);
			path = Resources;
			sourceTree = "<group>";
		};
		1F823056236ACFB200E6513F /* Components */ = {
			isa = PBXGroup;
			children = (
				1F823057236ACFD100E6513F /* MapView.swift */,
				1F823059236AD54600E6513F /* NameSign.swift */,
				1F82305B236B52DF00E6513F /* SlipwayInfo.swift */,
				1FF4D05C2371E14E00B7D1D1 /* SlipwayRow.swift */,
			);
			path = Components;
			sourceTree = "<group>";
		};
		1FB7B4AE237F519E0065302D /* View */ = {
			isa = PBXGroup;
			children = (
				1FAFA9E2238311AB00CB85F7 /* WelcomeView.swift */,
				1F0D5B38236AC54E00EA9476 /* SlipwayList.swift */,
				1F823054236ACF5200E6513F /* SlipwayDetails.swift */,
				1F729E45238196950068954C /* WaterListView.swift */,
				1FAA52212388A6DA0065280B /* WaterDetailsView.swift */,
				1FAFA9E023830FB600CB85F7 /* StationListView.swift */,
				1FAFA9E4238317C300CB85F7 /* StationDetailsView.swift */,
			);
			path = View;
			sourceTree = "<group>";
		};
/* End PBXGroup section */

/* Begin PBXNativeTarget section */
		1F0D5B30236AC54E00EA9476 /* Slipways */ = {
			isa = PBXNativeTarget;
			buildConfigurationList = 1F0D5B5B236AC55000EA9476 /* Build configuration list for PBXNativeTarget "Slipways" */;
			buildPhases = (
				1F0D5B2D236AC54E00EA9476 /* Sources */,
				1F0D5B2E236AC54E00EA9476 /* Frameworks */,
				1F0D5B2F236AC54E00EA9476 /* Resources */,
			);
			buildRules = (
			);
			dependencies = (
			);
			name = Slipways;
			packageProductDependencies = (
				1FF4D06A2372B5DB00B7D1D1 /* Realm */,
				1FF4D06C2372B5DB00B7D1D1 /* RealmSwift */,
			);
			productName = Slipways;
			productReference = 1F0D5B31236AC54E00EA9476 /* Slipways.app */;
			productType = "com.apple.product-type.application";
		};
		1F0D5B46236AC55000EA9476 /* SlipwaysTests */ = {
			isa = PBXNativeTarget;
			buildConfigurationList = 1F0D5B5E236AC55000EA9476 /* Build configuration list for PBXNativeTarget "SlipwaysTests" */;
			buildPhases = (
				1F0D5B43236AC55000EA9476 /* Sources */,
				1F0D5B44236AC55000EA9476 /* Frameworks */,
				1F0D5B45236AC55000EA9476 /* Resources */,
			);
			buildRules = (
			);
			dependencies = (
				1F0D5B49236AC55000EA9476 /* PBXTargetDependency */,
			);
			name = SlipwaysTests;
			productName = SlipwaysTests;
			productReference = 1F0D5B47236AC55000EA9476 /* SlipwaysTests.xctest */;
			productType = "com.apple.product-type.bundle.unit-test";
		};
		1F0D5B51236AC55000EA9476 /* SlipwaysUITests */ = {
			isa = PBXNativeTarget;
			buildConfigurationList = 1F0D5B61236AC55000EA9476 /* Build configuration list for PBXNativeTarget "SlipwaysUITests" */;
			buildPhases = (
				1F0D5B4E236AC55000EA9476 /* Sources */,
				1F0D5B4F236AC55000EA9476 /* Frameworks */,
				1F0D5B50236AC55000EA9476 /* Resources */,
			);
			buildRules = (
			);
			dependencies = (
				1F0D5B54236AC55000EA9476 /* PBXTargetDependency */,
			);
			name = SlipwaysUITests;
			productName = SlipwaysUITests;
			productReference = 1F0D5B52236AC55000EA9476 /* SlipwaysUITests.xctest */;
			productType = "com.apple.product-type.bundle.ui-testing";
		};
/* End PBXNativeTarget section */

/* Begin PBXProject section */
		1F0D5B29236AC54E00EA9476 /* Project object */ = {
			isa = PBXProject;
			attributes = {
				LastSwiftUpdateCheck = 1110;
				LastUpgradeCheck = 1110;
				ORGANIZATIONNAME = "Marcel Benders";
				TargetAttributes = {
					1F0D5B30236AC54E00EA9476 = {
						CreatedOnToolsVersion = 11.1;
					};
					1F0D5B46236AC55000EA9476 = {
						CreatedOnToolsVersion = 11.1;
						TestTargetID = 1F0D5B30236AC54E00EA9476;
					};
					1F0D5B51236AC55000EA9476 = {
						CreatedOnToolsVersion = 11.1;
						TestTargetID = 1F0D5B30236AC54E00EA9476;
					};
				};
			};
			buildConfigurationList = 1F0D5B2C236AC54E00EA9476 /* Build configuration list for PBXProject "Slipways" */;
			compatibilityVersion = "Xcode 9.3";
			developmentRegion = en;
			hasScannedForEncodings = 0;
			knownRegions = (
				en,
				Base,
			);
			mainGroup = 1F0D5B28236AC54E00EA9476;
			packageReferences = (
				1FF4D0692372B5DB00B7D1D1 /* XCRemoteSwiftPackageReference "realm-cocoa" */,
			);
			productRefGroup = 1F0D5B32236AC54E00EA9476 /* Products */;
			projectDirPath = "";
			projectRoot = "";
			targets = (
				1F0D5B30236AC54E00EA9476 /* Slipways */,
				1F0D5B46236AC55000EA9476 /* SlipwaysTests */,
				1F0D5B51236AC55000EA9476 /* SlipwaysUITests */,
			);
		};
/* End PBXProject section */

/* Begin PBXResourcesBuildPhase section */
		1F0D5B2F236AC54E00EA9476 /* Resources */ = {
			isa = PBXResourcesBuildPhase;
			buildActionMask = 2147483647;
			files = (
				1FF4D05B2371677D00B7D1D1 /* slipways.json in Resources */,
				1F0D5B41236AC54F00EA9476 /* LaunchScreen.storyboard in Resources */,
				1F0D5B3E236AC54F00EA9476 /* Preview Assets.xcassets in Resources */,
				1F0D5B3B236AC54F00EA9476 /* Assets.xcassets in Resources */,
			);
			runOnlyForDeploymentPostprocessing = 0;
		};
		1F0D5B45236AC55000EA9476 /* Resources */ = {
			isa = PBXResourcesBuildPhase;
			buildActionMask = 2147483647;
			files = (
			);
			runOnlyForDeploymentPostprocessing = 0;
		};
		1F0D5B50236AC55000EA9476 /* Resources */ = {
			isa = PBXResourcesBuildPhase;
			buildActionMask = 2147483647;
			files = (
			);
			runOnlyForDeploymentPostprocessing = 0;
		};
/* End PBXResourcesBuildPhase section */

/* Begin PBXSourcesBuildPhase section */
		1F0D5B2D236AC54E00EA9476 /* Sources */ = {
			isa = PBXSourcesBuildPhase;
			buildActionMask = 2147483647;
			files = (
				1FF4D05F2371E6C900B7D1D1 /* UserData.swift in Sources */,
				1FAFA9DD23830C0800CB85F7 /* HttpService.swift in Sources */,
				1F82304F236ACC0A00E6513F /* DataLoader.swift in Sources */,
				1F823053236ACCA900E6513F /* Coordinates.swift in Sources */,
				1F5369A6238BC1430007EBB0 /* FakeData.swift in Sources */,
				1FAFA9E123830FB600CB85F7 /* StationListView.swift in Sources */,
				1F82305A236AD54600E6513F /* NameSign.swift in Sources */,
				1F0D5B35236AC54E00EA9476 /* AppDelegate.swift in Sources */,
				1F823051236ACC8100E6513F /* Slipway.swift in Sources */,
				1F729E44238193890068954C /* Links.swift in Sources */,
				1FF4D0682372B28F00B7D1D1 /* SlipwayDb.swift in Sources */,
				1FAFA9DF23830C8700CB85F7 /* Station.swift in Sources */,
				1F0D5B37236AC54E00EA9476 /* SceneDelegate.swift in Sources */,
				1FAFA9E3238311AB00CB85F7 /* WelcomeView.swift in Sources */,
				1F729E46238196950068954C /* WaterListView.swift in Sources */,
				1F823055236ACF5200E6513F /* SlipwayDetails.swift in Sources */,
				1FF4D05D2371E14E00B7D1D1 /* SlipwayRow.swift in Sources */,
				1F823058236ACFD100E6513F /* MapView.swift in Sources */,
				1FAFA9E5238317C300CB85F7 /* StationDetailsView.swift in Sources */,
				1FAFA9E72383D1E600CB85F7 /* CurrentMeasurementResponse.swift in Sources */,
				1F82305C236B52DF00E6513F /* SlipwayInfo.swift in Sources */,
				1F04943423867B4F005B8D16 /* DataStore.swift in Sources */,
				1FAA52222388A6DA0065280B /* WaterDetailsView.swift in Sources */,
				1F729E42238193420068954C /* Water.swift in Sources */,
				1F0D5B39236AC54E00EA9476 /* SlipwayList.swift in Sources */,
			);
			runOnlyForDeploymentPostprocessing = 0;
		};
		1F0D5B43236AC55000EA9476 /* Sources */ = {
			isa = PBXSourcesBuildPhase;
			buildActionMask = 2147483647;
			files = (
				1F0D5B4C236AC55000EA9476 /* SlipwaysTests.swift in Sources */,
			);
			runOnlyForDeploymentPostprocessing = 0;
		};
		1F0D5B4E236AC55000EA9476 /* Sources */ = {
			isa = PBXSourcesBuildPhase;
			buildActionMask = 2147483647;
			files = (
				1F0D5B57236AC55000EA9476 /* SlipwaysUITests.swift in Sources */,
			);
			runOnlyForDeploymentPostprocessing = 0;
		};
/* End PBXSourcesBuildPhase section */

/* Begin PBXTargetDependency section */
		1F0D5B49236AC55000EA9476 /* PBXTargetDependency */ = {
			isa = PBXTargetDependency;
			target = 1F0D5B30236AC54E00EA9476 /* Slipways */;
			targetProxy = 1F0D5B48236AC55000EA9476 /* PBXContainerItemProxy */;
		};
		1F0D5B54236AC55000EA9476 /* PBXTargetDependency */ = {
			isa = PBXTargetDependency;
			target = 1F0D5B30236AC54E00EA9476 /* Slipways */;
			targetProxy = 1F0D5B53236AC55000EA9476 /* PBXContainerItemProxy */;
		};
/* End PBXTargetDependency section */

/* Begin PBXVariantGroup section */
		1F0D5B3F236AC54F00EA9476 /* LaunchScreen.storyboard */ = {
			isa = PBXVariantGroup;
			children = (
				1F0D5B40236AC54F00EA9476 /* Base */,
			);
			name = LaunchScreen.storyboard;
			sourceTree = "<group>";
		};
/* End PBXVariantGroup section */

/* Begin XCBuildConfiguration section */
		1F0D5B59236AC55000EA9476 /* Debug */ = {
			isa = XCBuildConfiguration;
			buildSettings = {
				ALWAYS_SEARCH_USER_PATHS = NO;
				CLANG_ANALYZER_NONNULL = YES;
				CLANG_ANALYZER_NUMBER_OBJECT_CONVERSION = YES_AGGRESSIVE;
				CLANG_CXX_LANGUAGE_STANDARD = "gnu++14";
				CLANG_CXX_LIBRARY = "libc++";
				CLANG_ENABLE_MODULES = YES;
				CLANG_ENABLE_OBJC_ARC = YES;
				CLANG_ENABLE_OBJC_WEAK = YES;
				CLANG_WARN_BLOCK_CAPTURE_AUTORELEASING = YES;
				CLANG_WARN_BOOL_CONVERSION = YES;
				CLANG_WARN_COMMA = YES;
				CLANG_WARN_CONSTANT_CONVERSION = YES;
				CLANG_WARN_DEPRECATED_OBJC_IMPLEMENTATIONS = YES;
				CLANG_WARN_DIRECT_OBJC_ISA_USAGE = YES_ERROR;
				CLANG_WARN_DOCUMENTATION_COMMENTS = YES;
				CLANG_WARN_EMPTY_BODY = YES;
				CLANG_WARN_ENUM_CONVERSION = YES;
				CLANG_WARN_INFINITE_RECURSION = YES;
				CLANG_WARN_INT_CONVERSION = YES;
				CLANG_WARN_NON_LITERAL_NULL_CONVERSION = YES;
				CLANG_WARN_OBJC_IMPLICIT_RETAIN_SELF = YES;
				CLANG_WARN_OBJC_LITERAL_CONVERSION = YES;
				CLANG_WARN_OBJC_ROOT_CLASS = YES_ERROR;
				CLANG_WARN_RANGE_LOOP_ANALYSIS = YES;
				CLANG_WARN_STRICT_PROTOTYPES = YES;
				CLANG_WARN_SUSPICIOUS_MOVE = YES;
				CLANG_WARN_UNGUARDED_AVAILABILITY = YES_AGGRESSIVE;
				CLANG_WARN_UNREACHABLE_CODE = YES;
				CLANG_WARN__DUPLICATE_METHOD_MATCH = YES;
				COPY_PHASE_STRIP = NO;
				DEBUG_INFORMATION_FORMAT = dwarf;
				ENABLE_STRICT_OBJC_MSGSEND = YES;
				ENABLE_TESTABILITY = YES;
				GCC_C_LANGUAGE_STANDARD = gnu11;
				GCC_DYNAMIC_NO_PIC = NO;
				GCC_NO_COMMON_BLOCKS = YES;
				GCC_OPTIMIZATION_LEVEL = 0;
				GCC_PREPROCESSOR_DEFINITIONS = (
					"DEBUG=1",
					"$(inherited)",
				);
				GCC_WARN_64_TO_32_BIT_CONVERSION = YES;
				GCC_WARN_ABOUT_RETURN_TYPE = YES_ERROR;
				GCC_WARN_UNDECLARED_SELECTOR = YES;
				GCC_WARN_UNINITIALIZED_AUTOS = YES_AGGRESSIVE;
				GCC_WARN_UNUSED_FUNCTION = YES;
				GCC_WARN_UNUSED_VARIABLE = YES;
				IPHONEOS_DEPLOYMENT_TARGET = 13.0;
				MTL_ENABLE_DEBUG_INFO = INCLUDE_SOURCE;
				MTL_FAST_MATH = YES;
				ONLY_ACTIVE_ARCH = YES;
				SDKROOT = iphoneos;
				SWIFT_ACTIVE_COMPILATION_CONDITIONS = DEBUG;
				SWIFT_OPTIMIZATION_LEVEL = "-Onone";
			};
			name = Debug;
		};
		1F0D5B5A236AC55000EA9476 /* Release */ = {
			isa = XCBuildConfiguration;
			buildSettings = {
				ALWAYS_SEARCH_USER_PATHS = NO;
				CLANG_ANALYZER_NONNULL = YES;
				CLANG_ANALYZER_NUMBER_OBJECT_CONVERSION = YES_AGGRESSIVE;
				CLANG_CXX_LANGUAGE_STANDARD = "gnu++14";
				CLANG_CXX_LIBRARY = "libc++";
				CLANG_ENABLE_MODULES = YES;
				CLANG_ENABLE_OBJC_ARC = YES;
				CLANG_ENABLE_OBJC_WEAK = YES;
				CLANG_WARN_BLOCK_CAPTURE_AUTORELEASING = YES;
				CLANG_WARN_BOOL_CONVERSION = YES;
				CLANG_WARN_COMMA = YES;
				CLANG_WARN_CONSTANT_CONVERSION = YES;
				CLANG_WARN_DEPRECATED_OBJC_IMPLEMENTATIONS = YES;
				CLANG_WARN_DIRECT_OBJC_ISA_USAGE = YES_ERROR;
				CLANG_WARN_DOCUMENTATION_COMMENTS = YES;
				CLANG_WARN_EMPTY_BODY = YES;
				CLANG_WARN_ENUM_CONVERSION = YES;
				CLANG_WARN_INFINITE_RECURSION = YES;
				CLANG_WARN_INT_CONVERSION = YES;
				CLANG_WARN_NON_LITERAL_NULL_CONVERSION = YES;
				CLANG_WARN_OBJC_IMPLICIT_RETAIN_SELF = YES;
				CLANG_WARN_OBJC_LITERAL_CONVERSION = YES;
				CLANG_WARN_OBJC_ROOT_CLASS = YES_ERROR;
				CLANG_WARN_RANGE_LOOP_ANALYSIS = YES;
				CLANG_WARN_STRICT_PROTOTYPES = YES;
				CLANG_WARN_SUSPICIOUS_MOVE = YES;
				CLANG_WARN_UNGUARDED_AVAILABILITY = YES_AGGRESSIVE;
				CLANG_WARN_UNREACHABLE_CODE = YES;
				CLANG_WARN__DUPLICATE_METHOD_MATCH = YES;
				COPY_PHASE_STRIP = NO;
				DEBUG_INFORMATION_FORMAT = "dwarf-with-dsym";
				ENABLE_NS_ASSERTIONS = NO;
				ENABLE_STRICT_OBJC_MSGSEND = YES;
				GCC_C_LANGUAGE_STANDARD = gnu11;
				GCC_NO_COMMON_BLOCKS = YES;
				GCC_WARN_64_TO_32_BIT_CONVERSION = YES;
				GCC_WARN_ABOUT_RETURN_TYPE = YES_ERROR;
				GCC_WARN_UNDECLARED_SELECTOR = YES;
				GCC_WARN_UNINITIALIZED_AUTOS = YES_AGGRESSIVE;
				GCC_WARN_UNUSED_FUNCTION = YES;
				GCC_WARN_UNUSED_VARIABLE = YES;
				IPHONEOS_DEPLOYMENT_TARGET = 13.0;
				MTL_ENABLE_DEBUG_INFO = NO;
				MTL_FAST_MATH = YES;
				SDKROOT = iphoneos;
				SWIFT_COMPILATION_MODE = wholemodule;
				SWIFT_OPTIMIZATION_LEVEL = "-O";
				VALIDATE_PRODUCT = YES;
			};
			name = Release;
		};
		1F0D5B5C236AC55000EA9476 /* Debug */ = {
			isa = XCBuildConfiguration;
			buildSettings = {
				ASSETCATALOG_COMPILER_APPICON_NAME = AppIcon;
				CODE_SIGN_ENTITLEMENTS = Slipways/Slipways.entitlements;
				CODE_SIGN_STYLE = Automatic;
				CURRENT_PROJECT_VERSION = 15;
				DERIVE_MACCATALYST_PRODUCT_BUNDLE_IDENTIFIER = YES;
				DEVELOPMENT_ASSET_PATHS = "Slipways/Preview\\ Content";
				DEVELOPMENT_TEAM = 6GGU8ET2C4;
				ENABLE_PREVIEWS = YES;
				INFOPLIST_FILE = Slipways/Info.plist;
				IPHONEOS_DEPLOYMENT_TARGET = 13.0;
				LD_RUNPATH_SEARCH_PATHS = (
					"$(inherited)",
					"@executable_path/Frameworks",
				);
				PRODUCT_BUNDLE_IDENTIFIER = "com.b-velop.slipways";
				PRODUCT_NAME = "$(TARGET_NAME)";
				SUPPORTS_MACCATALYST = YES;
				SWIFT_VERSION = 5.0;
				TARGETED_DEVICE_FAMILY = "1,2";
			};
			name = Debug;
		};
		1F0D5B5D236AC55000EA9476 /* Release */ = {
			isa = XCBuildConfiguration;
			buildSettings = {
				ASSETCATALOG_COMPILER_APPICON_NAME = AppIcon;
				CODE_SIGN_ENTITLEMENTS = Slipways/Slipways.entitlements;
				CODE_SIGN_STYLE = Automatic;
				CURRENT_PROJECT_VERSION = 15;
				DERIVE_MACCATALYST_PRODUCT_BUNDLE_IDENTIFIER = YES;
				DEVELOPMENT_ASSET_PATHS = "Slipways/Preview\\ Content";
				DEVELOPMENT_TEAM = 6GGU8ET2C4;
				ENABLE_PREVIEWS = YES;
				INFOPLIST_FILE = Slipways/Info.plist;
				IPHONEOS_DEPLOYMENT_TARGET = 13.0;
				LD_RUNPATH_SEARCH_PATHS = (
					"$(inherited)",
					"@executable_path/Frameworks",
				);
				PRODUCT_BUNDLE_IDENTIFIER = "com.b-velop.slipways";
				PRODUCT_NAME = "$(TARGET_NAME)";
				SUPPORTS_MACCATALYST = YES;
				SWIFT_VERSION = 5.0;
				TARGETED_DEVICE_FAMILY = "1,2";
			};
			name = Release;
		};
		1F0D5B5F236AC55000EA9476 /* Debug */ = {
			isa = XCBuildConfiguration;
			buildSettings = {
				ALWAYS_EMBED_SWIFT_STANDARD_LIBRARIES = YES;
				BUNDLE_LOADER = "$(TEST_HOST)";
				CODE_SIGN_STYLE = Automatic;
				DEVELOPMENT_TEAM = 6GGU8ET2C4;
				INFOPLIST_FILE = SlipwaysTests/Info.plist;
				IPHONEOS_DEPLOYMENT_TARGET = 13.0;
				LD_RUNPATH_SEARCH_PATHS = (
					"$(inherited)",
					"@executable_path/Frameworks",
					"@loader_path/Frameworks",
				);
				PRODUCT_BUNDLE_IDENTIFIER = "com.b-velop.SlipwaysTests";
				PRODUCT_NAME = "$(TARGET_NAME)";
				SWIFT_VERSION = 5.0;
				TARGETED_DEVICE_FAMILY = "1,2";
				TEST_HOST = "$(BUILT_PRODUCTS_DIR)/Slipways.app/Slipways";
			};
			name = Debug;
		};
		1F0D5B60236AC55000EA9476 /* Release */ = {
			isa = XCBuildConfiguration;
			buildSettings = {
				ALWAYS_EMBED_SWIFT_STANDARD_LIBRARIES = YES;
				BUNDLE_LOADER = "$(TEST_HOST)";
				CODE_SIGN_STYLE = Automatic;
				DEVELOPMENT_TEAM = 6GGU8ET2C4;
				INFOPLIST_FILE = SlipwaysTests/Info.plist;
				IPHONEOS_DEPLOYMENT_TARGET = 13.0;
				LD_RUNPATH_SEARCH_PATHS = (
					"$(inherited)",
					"@executable_path/Frameworks",
					"@loader_path/Frameworks",
				);
				PRODUCT_BUNDLE_IDENTIFIER = "com.b-velop.SlipwaysTests";
				PRODUCT_NAME = "$(TARGET_NAME)";
				SWIFT_VERSION = 5.0;
				TARGETED_DEVICE_FAMILY = "1,2";
				TEST_HOST = "$(BUILT_PRODUCTS_DIR)/Slipways.app/Slipways";
			};
			name = Release;
		};
		1F0D5B62236AC55000EA9476 /* Debug */ = {
			isa = XCBuildConfiguration;
			buildSettings = {
				ALWAYS_EMBED_SWIFT_STANDARD_LIBRARIES = YES;
				CODE_SIGN_STYLE = Automatic;
				DEVELOPMENT_TEAM = 6GGU8ET2C4;
				INFOPLIST_FILE = SlipwaysUITests/Info.plist;
				LD_RUNPATH_SEARCH_PATHS = (
					"$(inherited)",
					"@executable_path/Frameworks",
					"@loader_path/Frameworks",
				);
				PRODUCT_BUNDLE_IDENTIFIER = "com.b-velop.SlipwaysUITests";
				PRODUCT_NAME = "$(TARGET_NAME)";
				SWIFT_VERSION = 5.0;
				TARGETED_DEVICE_FAMILY = "1,2";
				TEST_TARGET_NAME = Slipways;
			};
			name = Debug;
		};
		1F0D5B63236AC55000EA9476 /* Release */ = {
			isa = XCBuildConfiguration;
			buildSettings = {
				ALWAYS_EMBED_SWIFT_STANDARD_LIBRARIES = YES;
				CODE_SIGN_STYLE = Automatic;
				DEVELOPMENT_TEAM = 6GGU8ET2C4;
				INFOPLIST_FILE = SlipwaysUITests/Info.plist;
				LD_RUNPATH_SEARCH_PATHS = (
					"$(inherited)",
					"@executable_path/Frameworks",
					"@loader_path/Frameworks",
				);
				PRODUCT_BUNDLE_IDENTIFIER = "com.b-velop.SlipwaysUITests";
				PRODUCT_NAME = "$(TARGET_NAME)";
				SWIFT_VERSION = 5.0;
				TARGETED_DEVICE_FAMILY = "1,2";
				TEST_TARGET_NAME = Slipways;
			};
			name = Release;
		};
/* End XCBuildConfiguration section */

/* Begin XCConfigurationList section */
		1F0D5B2C236AC54E00EA9476 /* Build configuration list for PBXProject "Slipways" */ = {
			isa = XCConfigurationList;
			buildConfigurations = (
				1F0D5B59236AC55000EA9476 /* Debug */,
				1F0D5B5A236AC55000EA9476 /* Release */,
			);
			defaultConfigurationIsVisible = 0;
			defaultConfigurationName = Release;
		};
		1F0D5B5B236AC55000EA9476 /* Build configuration list for PBXNativeTarget "Slipways" */ = {
			isa = XCConfigurationList;
			buildConfigurations = (
				1F0D5B5C236AC55000EA9476 /* Debug */,
				1F0D5B5D236AC55000EA9476 /* Release */,
			);
			defaultConfigurationIsVisible = 0;
			defaultConfigurationName = Release;
		};
		1F0D5B5E236AC55000EA9476 /* Build configuration list for PBXNativeTarget "SlipwaysTests" */ = {
			isa = XCConfigurationList;
			buildConfigurations = (
				1F0D5B5F236AC55000EA9476 /* Debug */,
				1F0D5B60236AC55000EA9476 /* Release */,
			);
			defaultConfigurationIsVisible = 0;
			defaultConfigurationName = Release;
		};
		1F0D5B61236AC55000EA9476 /* Build configuration list for PBXNativeTarget "SlipwaysUITests" */ = {
			isa = XCConfigurationList;
			buildConfigurations = (
				1F0D5B62236AC55000EA9476 /* Debug */,
				1F0D5B63236AC55000EA9476 /* Release */,
			);
			defaultConfigurationIsVisible = 0;
			defaultConfigurationName = Release;
		};
/* End XCConfigurationList section */

/* Begin XCRemoteSwiftPackageReference section */
		1FF4D0692372B5DB00B7D1D1 /* XCRemoteSwiftPackageReference "realm-cocoa" */ = {
			isa = XCRemoteSwiftPackageReference;
			repositoryURL = "git@github.com:realm/realm-cocoa.git";
			requirement = {
				kind = upToNextMajorVersion;
				minimumVersion = 4.1.1;
			};
		};
/* End XCRemoteSwiftPackageReference section */

/* Begin XCSwiftPackageProductDependency section */
		1FF4D06A2372B5DB00B7D1D1 /* Realm */ = {
			isa = XCSwiftPackageProductDependency;
			package = 1FF4D0692372B5DB00B7D1D1 /* XCRemoteSwiftPackageReference "realm-cocoa" */;
			productName = Realm;
		};
		1FF4D06C2372B5DB00B7D1D1 /* RealmSwift */ = {
			isa = XCSwiftPackageProductDependency;
			package = 1FF4D0692372B5DB00B7D1D1 /* XCRemoteSwiftPackageReference "realm-cocoa" */;
			productName = RealmSwift;
		};
/* End XCSwiftPackageProductDependency section */
	};
	rootObject = 1F0D5B29236AC54E00EA9476 /* Project object */;
}
